
Microsoft Visual Studio Solution File, Format Version 12.00
# Visual Studio Version 16
VisualStudioVersion = 16.0.30309.148
MinimumVisualStudioVersion = 10.0.40219.1
Project("{9A19103F-16F7-4668-BE54-9A1E7A4F7556}") = "Shared", "Shared\Shared.csproj", "{DC1E226E-B1B5-4DA8-8FA2-BC46292026F0}"
EndProject
Project("{9A19103F-16F7-4668-BE54-9A1E7A4F7556}") = "Test", "Test\Test.csproj", "{463A4C9B-DF92-4A9C-8FBA-DEBBC736E12A}"
EndProject
Project("{9A19103F-16F7-4668-BE54-9A1E7A4F7556}") = "CheckKeywordsBlazor", "CheckKeywordsBlazor\CheckKeywordsBlazor.csproj", "{0B6BEA6B-F03E-44B4-84EC-F3D1F5A1E241}"
EndProject
Project("{9A19103F-16F7-4668-BE54-9A1E7A4F7556}") = "CheckKeywordsGateway", "CheckKeywordsGateway\CheckKeywordsGateway.csproj", "{BD59E111-6A77-42EB-8A45-6AA6C1177B87}"
EndProject
Project("{FAE04EC0-301F-11D3-BF4B-00C04F79EFBC}") = "CheckKeywords.Xamarin.Android", "CheckKeywords.Xamarin\CheckKeywords.Xamarin.Android\CheckKeywords.Xamarin.Android.csproj", "{409A1953-CEBF-4792-9003-A338D90D0E76}"
EndProject
Project("{FAE04EC0-301F-11D3-BF4B-00C04F79EFBC}") = "CheckKeywords.Xamarin.iOS", "CheckKeywords.Xamarin\CheckKeywords.Xamarin.iOS\CheckKeywords.Xamarin.iOS.csproj", "{98E87314-78C8-4262-B7F1-957B918DCA7E}"
EndProject
Project("{FAE04EC0-301F-11D3-BF4B-00C04F79EFBC}") = "CheckKeywords.Xamarin", "CheckKeywords.Xamarin\CheckKeywords.Xamarin\CheckKeywords.Xamarin.csproj", "{A6888CA3-383D-4579-940B-E15842759FAC}"
EndProject
Global
	GlobalSection(SolutionConfigurationPlatforms) = preSolution
		Debug|Any CPU = Debug|Any CPU
		Debug|iPhone = Debug|iPhone
		Debug|iPhoneSimulator = Debug|iPhoneSimulator
		Release|Any CPU = Release|Any CPU
		Release|iPhone = Release|iPhone
		Release|iPhoneSimulator = Release|iPhoneSimulator
	EndGlobalSection
	GlobalSection(ProjectConfigurationPlatforms) = postSolution
		{DC1E226E-B1B5-4DA8-8FA2-BC46292026F0}.Debug|Any CPU.ActiveCfg = Debug|Any CPU
		{DC1E226E-B1B5-4DA8-8FA2-BC46292026F0}.Debug|Any CPU.Build.0 = Debug|Any CPU
		{DC1E226E-B1B5-4DA8-8FA2-BC46292026F0}.Debug|iPhone.ActiveCfg = Debug|Any CPU
		{DC1E226E-B1B5-4DA8-8FA2-BC46292026F0}.Debug|iPhone.Build.0 = Debug|Any CPU
		{DC1E226E-B1B5-4DA8-8FA2-BC46292026F0}.Debug|iPhoneSimulator.ActiveCfg = Debug|Any CPU
		{DC1E226E-B1B5-4DA8-8FA2-BC46292026F0}.Debug|iPhoneSimulator.Build.0 = Debug|Any CPU
		{DC1E226E-B1B5-4DA8-8FA2-BC46292026F0}.Release|Any CPU.ActiveCfg = Release|Any CPU
		{DC1E226E-B1B5-4DA8-8FA2-BC46292026F0}.Release|Any CPU.Build.0 = Release|Any CPU
		{DC1E226E-B1B5-4DA8-8FA2-BC46292026F0}.Release|iPhone.ActiveCfg = Release|Any CPU
		{DC1E226E-B1B5-4DA8-8FA2-BC46292026F0}.Release|iPhone.Build.0 = Release|Any CPU
		{DC1E226E-B1B5-4DA8-8FA2-BC46292026F0}.Release|iPhoneSimulator.ActiveCfg = Release|Any CPU
		{DC1E226E-B1B5-4DA8-8FA2-BC46292026F0}.Release|iPhoneSimulator.Build.0 = Release|Any CPU
		{463A4C9B-DF92-4A9C-8FBA-DEBBC736E12A}.Debug|Any CPU.ActiveCfg = Debug|Any CPU
		{463A4C9B-DF92-4A9C-8FBA-DEBBC736E12A}.Debug|Any CPU.Build.0 = Debug|Any CPU
		{463A4C9B-DF92-4A9C-8FBA-DEBBC736E12A}.Debug|iPhone.ActiveCfg = Debug|Any CPU
		{463A4C9B-DF92-4A9C-8FBA-DEBBC736E12A}.Debug|iPhone.Build.0 = Debug|Any CPU
		{463A4C9B-DF92-4A9C-8FBA-DEBBC736E12A}.Debug|iPhoneSimulator.ActiveCfg = Debug|Any CPU
		{463A4C9B-DF92-4A9C-8FBA-DEBBC736E12A}.Debug|iPhoneSimulator.Build.0 = Debug|Any CPU
		{463A4C9B-DF92-4A9C-8FBA-DEBBC736E12A}.Release|Any CPU.ActiveCfg = Release|Any CPU
		{463A4C9B-DF92-4A9C-8FBA-DEBBC736E12A}.Release|Any CPU.Build.0 = Release|Any CPU
		{463A4C9B-DF92-4A9C-8FBA-DEBBC736E12A}.Release|iPhone.ActiveCfg = Release|Any CPU
		{463A4C9B-DF92-4A9C-8FBA-DEBBC736E12A}.Release|iPhone.Build.0 = Release|Any CPU
		{463A4C9B-DF92-4A9C-8FBA-DEBBC736E12A}.Release|iPhoneSimulator.ActiveCfg = Release|Any CPU
		{463A4C9B-DF92-4A9C-8FBA-DEBBC736E12A}.Release|iPhoneSimulator.Build.0 = Release|Any CPU
		{0B6BEA6B-F03E-44B4-84EC-F3D1F5A1E241}.Debug|Any CPU.ActiveCfg = Debug|Any CPU
		{0B6BEA6B-F03E-44B4-84EC-F3D1F5A1E241}.Debug|Any CPU.Build.0 = Debug|Any CPU
		{0B6BEA6B-F03E-44B4-84EC-F3D1F5A1E241}.Debug|iPhone.ActiveCfg = Debug|Any CPU
		{0B6BEA6B-F03E-44B4-84EC-F3D1F5A1E241}.Debug|iPhone.Build.0 = Debug|Any CPU
		{0B6BEA6B-F03E-44B4-84EC-F3D1F5A1E241}.Debug|iPhoneSimulator.ActiveCfg = Debug|Any CPU
		{0B6BEA6B-F03E-44B4-84EC-F3D1F5A1E241}.Debug|iPhoneSimulator.Build.0 = Debug|Any CPU
		{0B6BEA6B-F03E-44B4-84EC-F3D1F5A1E241}.Release|Any CPU.ActiveCfg = Release|Any CPU
		{0B6BEA6B-F03E-44B4-84EC-F3D1F5A1E241}.Release|Any CPU.Build.0 = Release|Any CPU
		{0B6BEA6B-F03E-44B4-84EC-F3D1F5A1E241}.Release|iPhone.ActiveCfg = Release|Any CPU
		{0B6BEA6B-F03E-44B4-84EC-F3D1F5A1E241}.Release|iPhone.Build.0 = Release|Any CPU
		{0B6BEA6B-F03E-44B4-84EC-F3D1F5A1E241}.Release|iPhoneSimulator.ActiveCfg = Release|Any CPU
		{0B6BEA6B-F03E-44B4-84EC-F3D1F5A1E241}.Release|iPhoneSimulator.Build.0 = Release|Any CPU
		{BD59E111-6A77-42EB-8A45-6AA6C1177B87}.Debug|Any CPU.ActiveCfg = Debug|Any CPU
		{BD59E111-6A77-42EB-8A45-6AA6C1177B87}.Debug|Any CPU.Build.0 = Debug|Any CPU
		{BD59E111-6A77-42EB-8A45-6AA6C1177B87}.Debug|iPhone.ActiveCfg = Debug|Any CPU
		{BD59E111-6A77-42EB-8A45-6AA6C1177B87}.Debug|iPhone.Build.0 = Debug|Any CPU
		{BD59E111-6A77-42EB-8A45-6AA6C1177B87}.Debug|iPhoneSimulator.ActiveCfg = Debug|Any CPU
		{BD59E111-6A77-42EB-8A45-6AA6C1177B87}.Debug|iPhoneSimulator.Build.0 = Debug|Any CPU
		{BD59E111-6A77-42EB-8A45-6AA6C1177B87}.Release|Any CPU.ActiveCfg = Release|Any CPU
		{BD59E111-6A77-42EB-8A45-6AA6C1177B87}.Release|Any CPU.Build.0 = Release|Any CPU
		{BD59E111-6A77-42EB-8A45-6AA6C1177B87}.Release|iPhone.ActiveCfg = Release|Any CPU
		{BD59E111-6A77-42EB-8A45-6AA6C1177B87}.Release|iPhone.Build.0 = Release|Any CPU
		{BD59E111-6A77-42EB-8A45-6AA6C1177B87}.Release|iPhoneSimulator.ActiveCfg = Release|Any CPU
		{BD59E111-6A77-42EB-8A45-6AA6C1177B87}.Release|iPhoneSimulator.Build.0 = Release|Any CPU
		{409A1953-CEBF-4792-9003-A338D90D0E76}.Debug|Any CPU.ActiveCfg = Debug|Any CPU
		{409A1953-CEBF-4792-9003-A338D90D0E76}.Debug|Any CPU.Build.0 = Debug|Any CPU
		{409A1953-CEBF-4792-9003-A338D90D0E76}.Debug|Any CPU.Deploy.0 = Debug|Any CPU
		{409A1953-CEBF-4792-9003-A338D90D0E76}.Debug|iPhone.ActiveCfg = Debug|Any CPU
		{409A1953-CEBF-4792-9003-A338D90D0E76}.Debug|iPhone.Build.0 = Debug|Any CPU
		{409A1953-CEBF-4792-9003-A338D90D0E76}.Debug|iPhone.Deploy.0 = Debug|Any CPU
		{409A1953-CEBF-4792-9003-A338D90D0E76}.Debug|iPhoneSimulator.ActiveCfg = Debug|Any CPU
		{409A1953-CEBF-4792-9003-A338D90D0E76}.Debug|iPhoneSimulator.Build.0 = Debug|Any CPU
		{409A1953-CEBF-4792-9003-A338D90D0E76}.Debug|iPhoneSimulator.Deploy.0 = Debug|Any CPU
		{409A1953-CEBF-4792-9003-A338D90D0E76}.Release|Any CPU.ActiveCfg = Release|Any CPU
		{409A1953-CEBF-4792-9003-A338D90D0E76}.Release|Any CPU.Build.0 = Release|Any CPU
		{409A1953-CEBF-4792-9003-A338D90D0E76}.Release|Any CPU.Deploy.0 = Release|Any CPU
		{409A1953-CEBF-4792-9003-A338D90D0E76}.Release|iPhone.ActiveCfg = Release|Any CPU
		{409A1953-CEBF-4792-9003-A338D90D0E76}.Release|iPhone.Build.0 = Release|Any CPU
		{409A1953-CEBF-4792-9003-A338D90D0E76}.Release|iPhone.Deploy.0 = Release|Any CPU
		{409A1953-CEBF-4792-9003-A338D90D0E76}.Release|iPhoneSimulator.ActiveCfg = Release|Any CPU
		{409A1953-CEBF-4792-9003-A338D90D0E76}.Release|iPhoneSimulator.Build.0 = Release|Any CPU
		{409A1953-CEBF-4792-9003-A338D90D0E76}.Release|iPhoneSimulator.Deploy.0 = Release|Any CPU
		{98E87314-78C8-4262-B7F1-957B918DCA7E}.Debug|Any CPU.ActiveCfg = Debug|iPhoneSimulator
		{98E87314-78C8-4262-B7F1-957B918DCA7E}.Debug|iPhone.ActiveCfg = Debug|iPhone
		{98E87314-78C8-4262-B7F1-957B918DCA7E}.Debug|iPhone.Build.0 = Debug|iPhone
		{98E87314-78C8-4262-B7F1-957B918DCA7E}.Debug|iPhoneSimulator.ActiveCfg = Debug|iPhoneSimulator
		{98E87314-78C8-4262-B7F1-957B918DCA7E}.Debug|iPhoneSimulator.Build.0 = Debug|iPhoneSimulator
		{98E87314-78C8-4262-B7F1-957B918DCA7E}.Release|Any CPU.ActiveCfg = Release|iPhoneSimulator
		{98E87314-78C8-4262-B7F1-957B918DCA7E}.Release|iPhone.ActiveCfg = Release|iPhone
		{98E87314-78C8-4262-B7F1-957B918DCA7E}.Release|iPhone.Build.0 = Release|iPhone
		{98E87314-78C8-4262-B7F1-957B918DCA7E}.Release|iPhoneSimulator.ActiveCfg = Release|iPhoneSimulator
		{98E87314-78C8-4262-B7F1-957B918DCA7E}.Release|iPhoneSimulator.Build.0 = Release|iPhoneSimulator
		{A6888CA3-383D-4579-940B-E15842759FAC}.Debug|Any CPU.ActiveCfg = Debug|Any CPU
		{A6888CA3-383D-4579-940B-E15842759FAC}.Debug|Any CPU.Build.0 = Debug|Any CPU
		{A6888CA3-383D-4579-940B-E15842759FAC}.Debug|iPhone.ActiveCfg = Debug|Any CPU
		{A6888CA3-383D-4579-940B-E15842759FAC}.Debug|iPhone.Build.0 = Debug|Any CPU
		{A6888CA3-383D-4579-940B-E15842759FAC}.Debug|iPhoneSimulator.ActiveCfg = Debug|Any CPU
		{A6888CA3-383D-4579-940B-E15842759FAC}.Debug|iPhoneSimulator.Build.0 = Debug|Any CPU
		{A6888CA3-383D-4579-940B-E15842759FAC}.Release|Any CPU.ActiveCfg = Release|Any CPU
		{A6888CA3-383D-4579-940B-E15842759FAC}.Release|Any CPU.Build.0 = Release|Any CPU
		{A6888CA3-383D-4579-940B-E15842759FAC}.Release|iPhone.ActiveCfg = Release|Any CPU
		{A6888CA3-383D-4579-940B-E15842759FAC}.Release|iPhone.Build.0 = Release|Any CPU
		{A6888CA3-383D-4579-940B-E15842759FAC}.Release|iPhoneSimulator.ActiveCfg = Release|Any CPU
		{A6888CA3-383D-4579-940B-E15842759FAC}.Release|iPhoneSimulator.Build.0 = Release|Any CPU
	EndGlobalSection
	GlobalSection(SolutionProperties) = preSolution
		HideSolutionNode = FALSE
	EndGlobalSection
	GlobalSection(ExtensibilityGlobals) = postSolution
		SolutionGuid = {1B8C3FAA-7C7F-4493-ABB9-ABCD963ECE0C}
	EndGlobalSection
EndGlobal
